
Microsoft Visual Studio Solution File, Format Version 12.00
# Visual Studio 15
VisualStudioVersion = 15.0.28307.329
MinimumVisualStudioVersion = 10.0.40219.1
Project("{FAE04EC0-301F-11D3-BF4B-00C04F79EFBC}") = "BinaryLoad.UI", "BinaryLoad.UI\BinaryLoad.UI.csproj", "{C66EF04A-CAB9-487E-85D5-EFB57450C74B}"
EndProject
Project("{FAE04EC0-301F-11D3-BF4B-00C04F79EFBC}") = "BinaryLoad.DataAccess", "BinaryLoad.DataAccess\BinaryLoad.DataAccess.csproj", "{6615F69D-FECA-4A85-9A3B-96BE93BB977B}"
EndProject
Project("{FAE04EC0-301F-11D3-BF4B-00C04F79EFBC}") = "BinaryLoad.Model", "BinaryLoad.Model\BinaryLoad.Model.csproj", "{9644B59A-B8A7-4C30-B4E5-F916B1371FC7}"
EndProject
Global
	GlobalSection(SolutionConfigurationPlatforms) = preSolution
		Debug|Any CPU = Debug|Any CPU
		Release|Any CPU = Release|Any CPU
	EndGlobalSection
	GlobalSection(ProjectConfigurationPlatforms) = postSolution
		{C66EF04A-CAB9-487E-85D5-EFB57450C74B}.Debug|Any CPU.ActiveCfg = Debug|Any CPU
		{C66EF04A-CAB9-487E-85D5-EFB57450C74B}.Debug|Any CPU.Build.0 = Debug|Any CPU
		{C66EF04A-CAB9-487E-85D5-EFB57450C74B}.Release|Any CPU.ActiveCfg = Release|Any CPU
		{C66EF04A-CAB9-487E-85D5-EFB57450C74B}.Release|Any CPU.Build.0 = Release|Any CPU
		{6615F69D-FECA-4A85-9A3B-96BE93BB977B}.Debug|Any CPU.ActiveCfg = Debug|Any CPU
		{6615F69D-FECA-4A85-9A3B-96BE93BB977B}.Debug|Any CPU.Build.0 = Debug|Any CPU
		{6615F69D-FECA-4A85-9A3B-96BE93BB977B}.Release|Any CPU.ActiveCfg = Release|Any CPU
		{6615F69D-FECA-4A85-9A3B-96BE93BB977B}.Release|Any CPU.Build.0 = Release|Any CPU
		{9644B59A-B8A7-4C30-B4E5-F916B1371FC7}.Debug|Any CPU.ActiveCfg = Debug|Any CPU
		{9644B59A-B8A7-4C30-B4E5-F916B1371FC7}.Debug|Any CPU.Build.0 = Debug|Any CPU
		{9644B59A-B8A7-4C30-B4E5-F916B1371FC7}.Release|Any CPU.ActiveCfg = Release|Any CPU
		{9644B59A-B8A7-4C30-B4E5-F916B1371FC7}.Release|Any CPU.Build.0 = Release|Any CPU
	EndGlobalSection
	GlobalSection(SolutionProperties) = preSolution
		HideSolutionNode = FALSE
	EndGlobalSection
	GlobalSection(ExtensibilityGlobals) = postSolution
		SolutionGuid = {F2976882-2BE0-4FF1-9C9D-ADC24B4642DA}
	EndGlobalSection
EndGlobal
